Microsoft Visual Studio Solution File, Format Version 12.00
# Visual Studio Version 17
VisualStudioVersion = 17.0.31903.59
MinimumVisualStudioVersion = 10.0.40219.1
Project("{FAE04EC0-301F-11D3-BF4B-00C04F79EFBC}") = "MetaWeave.Core", "MetaWeave\Core\MetaWeave.Core.csproj", "{D55AE0A8-BDA4-4EAA-9D8E-C945E7955B79}"
EndProject
Project("{2150E333-8FDC-42A3-9474-1A3956D46DE8}") = "MetaWeave", "MetaWeave", "{CA15BCCA-7F06-4C33-922F-B5DB614A06E2}"
EndProject
Project("{FAE04EC0-301F-11D3-BF4B-00C04F79EFBC}") = "MetaWeave.Model", "MetaWeave\MetaWeave.Model.csproj", "{D3CD1786-BD12-4142-BE6D-0AA0CAE5FC22}"
EndProject
Project("{FAE04EC0-301F-11D3-BF4B-00C04F79EFBC}") = "MetaWeaveScript.Sql", "MetaWeave\Script\Sql\MetaWeaveScript.Sql.csproj", "{66B2A0E2-DD79-46F7-A534-E616388D6A3A}"
EndProject
Project("{2150E333-8FDC-42A3-9474-1A3956D46DE8}") = "Script", "Script", "{7D703068-9CCD-46F3-B623-9328E362E389}"
EndProject
Project("{FAE04EC0-301F-11D3-BF4B-00C04F79EFBC}") = "MetaWeaveScript.Tests", "MetaWeave\Script\Tests\MetaWeaveScript.Tests.csproj", "{AD415B86-0AF0-4EAF-807D-00A2E1C9E1CD}"
EndProject
Project("{FAE04EC0-301F-11D3-BF4B-00C04F79EFBC}") = "MetaWeaveScript.Execution", "MetaWeave\Script\Execution\MetaWeaveScript.Execution.csproj", "{9745E8A2-B928-4902-A7C7-3AEA7970916C}"
EndProject
Project("{2150E333-8FDC-42A3-9474-1A3956D46DE8}") = "Cli", "Cli", "{24B0A711-EF93-4870-A11E-568AC6F67CA3}"
EndProject
Project("{FAE04EC0-301F-11D3-BF4B-00C04F79EFBC}") = "MetaWeave.Cli", "MetaWeave\Cli\MetaWeave.Cli.csproj", "{9BD93E77-07B1-45D2-9C96-08D0462EBF80}"
EndProject
Project("{2150E333-8FDC-42A3-9474-1A3956D46DE8}") = "Tests", "Tests", "{BA4A742F-E3A7-4A83-AEF0-FCCB945E38AA}"
EndProject
Project("{FAE04EC0-301F-11D3-BF4B-00C04F79EFBC}") = "MetaWeave.Tests", "MetaWeave\Tests\MetaWeave.Tests.csproj", "{A2D43A5D-229A-41BB-8008-8BED0CF44014}"
EndProject
Global
	GlobalSection(SolutionConfigurationPlatforms) = preSolution
		Debug|Any CPU = Debug|Any CPU
		Release|Any CPU = Release|Any CPU
	EndGlobalSection
	GlobalSection(SolutionProperties) = preSolution
		HideSolutionNode = FALSE
	EndGlobalSection
	GlobalSection(ProjectConfigurationPlatforms) = postSolution
		{D55AE0A8-BDA4-4EAA-9D8E-C945E7955B79}.Debug|Any CPU.ActiveCfg = Debug|Any CPU
		{D55AE0A8-BDA4-4EAA-9D8E-C945E7955B79}.Debug|Any CPU.Build.0 = Debug|Any CPU
		{D55AE0A8-BDA4-4EAA-9D8E-C945E7955B79}.Release|Any CPU.ActiveCfg = Release|Any CPU
		{D55AE0A8-BDA4-4EAA-9D8E-C945E7955B79}.Release|Any CPU.Build.0 = Release|Any CPU
		{D3CD1786-BD12-4142-BE6D-0AA0CAE5FC22}.Debug|Any CPU.ActiveCfg = Debug|Any CPU
		{D3CD1786-BD12-4142-BE6D-0AA0CAE5FC22}.Debug|Any CPU.Build.0 = Debug|Any CPU
		{D3CD1786-BD12-4142-BE6D-0AA0CAE5FC22}.Release|Any CPU.ActiveCfg = Release|Any CPU
		{D3CD1786-BD12-4142-BE6D-0AA0CAE5FC22}.Release|Any CPU.Build.0 = Release|Any CPU
		{66B2A0E2-DD79-46F7-A534-E616388D6A3A}.Debug|Any CPU.ActiveCfg = Debug|Any CPU
		{66B2A0E2-DD79-46F7-A534-E616388D6A3A}.Debug|Any CPU.Build.0 = Debug|Any CPU
		{66B2A0E2-DD79-46F7-A534-E616388D6A3A}.Release|Any CPU.ActiveCfg = Release|Any CPU
		{66B2A0E2-DD79-46F7-A534-E616388D6A3A}.Release|Any CPU.Build.0 = Release|Any CPU
		{AD415B86-0AF0-4EAF-807D-00A2E1C9E1CD}.Debug|Any CPU.ActiveCfg = Debug|Any CPU
		{AD415B86-0AF0-4EAF-807D-00A2E1C9E1CD}.Debug|Any CPU.Build.0 = Debug|Any CPU
		{AD415B86-0AF0-4EAF-807D-00A2E1C9E1CD}.Release|Any CPU.ActiveCfg = Release|Any CPU
		{AD415B86-0AF0-4EAF-807D-00A2E1C9E1CD}.Release|Any CPU.Build.0 = Release|Any CPU
		{9745E8A2-B928-4902-A7C7-3AEA7970916C}.Debug|Any CPU.ActiveCfg = Debug|Any CPU
		{9745E8A2-B928-4902-A7C7-3AEA7970916C}.Debug|Any CPU.Build.0 = Debug|Any CPU
		{9745E8A2-B928-4902-A7C7-3AEA7970916C}.Release|Any CPU.ActiveCfg = Release|Any CPU
		{9745E8A2-B928-4902-A7C7-3AEA7970916C}.Release|Any CPU.Build.0 = Release|Any CPU
		{9BD93E77-07B1-45D2-9C96-08D0462EBF80}.Debug|Any CPU.ActiveCfg = Debug|Any CPU
		{9BD93E77-07B1-45D2-9C96-08D0462EBF80}.Debug|Any CPU.Build.0 = Debug|Any CPU
		{9BD93E77-07B1-45D2-9C96-08D0462EBF80}.Release|Any CPU.ActiveCfg = Release|Any CPU
		{9BD93E77-07B1-45D2-9C96-08D0462EBF80}.Release|Any CPU.Build.0 = Release|Any CPU
		{A2D43A5D-229A-41BB-8008-8BED0CF44014}.Debug|Any CPU.ActiveCfg = Debug|Any CPU
		{A2D43A5D-229A-41BB-8008-8BED0CF44014}.Debug|Any CPU.Build.0 = Debug|Any CPU
		{A2D43A5D-229A-41BB-8008-8BED0CF44014}.Release|Any CPU.ActiveCfg = Release|Any CPU
		{A2D43A5D-229A-41BB-8008-8BED0CF44014}.Release|Any CPU.Build.0 = Release|Any CPU
	EndGlobalSection
	GlobalSection(NestedProjects) = preSolution
		{D3CD1786-BD12-4142-BE6D-0AA0CAE5FC22} = {CA15BCCA-7F06-4C33-922F-B5DB614A06E2}
		{66B2A0E2-DD79-46F7-A534-E616388D6A3A} = {7D703068-9CCD-46F3-B623-9328E362E389}
		{7D703068-9CCD-46F3-B623-9328E362E389} = {CA15BCCA-7F06-4C33-922F-B5DB614A06E2}
		{AD415B86-0AF0-4EAF-807D-00A2E1C9E1CD} = {7D703068-9CCD-46F3-B623-9328E362E389}
		{9745E8A2-B928-4902-A7C7-3AEA7970916C} = {7D703068-9CCD-46F3-B623-9328E362E389}
		{24B0A711-EF93-4870-A11E-568AC6F67CA3} = {CA15BCCA-7F06-4C33-922F-B5DB614A06E2}
		{9BD93E77-07B1-45D2-9C96-08D0462EBF80} = {24B0A711-EF93-4870-A11E-568AC6F67CA3}
		{BA4A742F-E3A7-4A83-AEF0-FCCB945E38AA} = {CA15BCCA-7F06-4C33-922F-B5DB614A06E2}
		{A2D43A5D-229A-41BB-8008-8BED0CF44014} = {BA4A742F-E3A7-4A83-AEF0-FCCB945E38AA}
	EndGlobalSection
EndGlobal
