
Microsoft Visual Studio Solution File, Format Version 12.00
# Visual Studio Version 17
VisualStudioVersion = 17.12.35707.178 d17.12
MinimumVisualStudioVersion = 10.0.40219.1
Project("{FAE04EC0-301F-11D3-BF4B-00C04F79EFBC}") = "Metadata.Framework", "Metadata.Framework.csproj", "{B4F7A809-E10C-427B-B442-DF7F02ABD17B}"
EndProject
Project("{FAE04EC0-301F-11D3-BF4B-00C04F79EFBC}") = "Meta.Adapters", "Meta.Adapters\Meta.Adapters.csproj", "{79F0E8D3-EDED-4A8C-80D0-4DB5F76CBA7F}"
EndProject
Project("{FAE04EC0-301F-11D3-BF4B-00C04F79EFBC}") = "Meta.Core", "Meta.Core\Meta.Core.csproj", "{BE39DC9D-4AE5-41E7-91B8-0F4A5477E065}"
EndProject
Project("{FAE04EC0-301F-11D3-BF4B-00C04F79EFBC}") = "Meta.Cli", "Meta.Cli\Meta.Cli.csproj", "{E68BD422-6320-4EB6-967B-31FBA22AB0B2}"
EndProject
Project("{FAE04EC0-301F-11D3-BF4B-00C04F79EFBC}") = "Meta.Core.Tests", "Meta.Core.Tests\Meta.Core.Tests.csproj", "{BB562B77-A571-414A-8B8E-B04F6D78E679}"
EndProject
Global
	GlobalSection(SolutionConfigurationPlatforms) = preSolution
		Debug|Any CPU = Debug|Any CPU
		Release|Any CPU = Release|Any CPU
	EndGlobalSection
	GlobalSection(ProjectConfigurationPlatforms) = postSolution
		{B4F7A809-E10C-427B-B442-DF7F02ABD17B}.Debug|Any CPU.ActiveCfg = Debug|Any CPU
		{B4F7A809-E10C-427B-B442-DF7F02ABD17B}.Debug|Any CPU.Build.0 = Debug|Any CPU
		{B4F7A809-E10C-427B-B442-DF7F02ABD17B}.Release|Any CPU.ActiveCfg = Release|Any CPU
		{B4F7A809-E10C-427B-B442-DF7F02ABD17B}.Release|Any CPU.Build.0 = Release|Any CPU
		{79F0E8D3-EDED-4A8C-80D0-4DB5F76CBA7F}.Debug|Any CPU.ActiveCfg = Debug|Any CPU
		{79F0E8D3-EDED-4A8C-80D0-4DB5F76CBA7F}.Debug|Any CPU.Build.0 = Debug|Any CPU
		{79F0E8D3-EDED-4A8C-80D0-4DB5F76CBA7F}.Release|Any CPU.ActiveCfg = Release|Any CPU
		{79F0E8D3-EDED-4A8C-80D0-4DB5F76CBA7F}.Release|Any CPU.Build.0 = Release|Any CPU
		{BE39DC9D-4AE5-41E7-91B8-0F4A5477E065}.Debug|Any CPU.ActiveCfg = Debug|Any CPU
		{BE39DC9D-4AE5-41E7-91B8-0F4A5477E065}.Debug|Any CPU.Build.0 = Debug|Any CPU
		{BE39DC9D-4AE5-41E7-91B8-0F4A5477E065}.Release|Any CPU.ActiveCfg = Release|Any CPU
		{BE39DC9D-4AE5-41E7-91B8-0F4A5477E065}.Release|Any CPU.Build.0 = Release|Any CPU
		{E68BD422-6320-4EB6-967B-31FBA22AB0B2}.Debug|Any CPU.ActiveCfg = Debug|Any CPU
		{E68BD422-6320-4EB6-967B-31FBA22AB0B2}.Debug|Any CPU.Build.0 = Debug|Any CPU
		{E68BD422-6320-4EB6-967B-31FBA22AB0B2}.Release|Any CPU.ActiveCfg = Release|Any CPU
		{E68BD422-6320-4EB6-967B-31FBA22AB0B2}.Release|Any CPU.Build.0 = Release|Any CPU
		{BB562B77-A571-414A-8B8E-B04F6D78E679}.Debug|Any CPU.ActiveCfg = Debug|Any CPU
		{BB562B77-A571-414A-8B8E-B04F6D78E679}.Debug|Any CPU.Build.0 = Debug|Any CPU
		{BB562B77-A571-414A-8B8E-B04F6D78E679}.Release|Any CPU.ActiveCfg = Release|Any CPU
		{BB562B77-A571-414A-8B8E-B04F6D78E679}.Release|Any CPU.Build.0 = Release|Any CPU
	EndGlobalSection
	GlobalSection(SolutionProperties) = preSolution
		HideSolutionNode = FALSE
	EndGlobalSection
EndGlobal

