
Microsoft Visual Studio Solution File, Format Version 12.00
# Visual Studio Version 17
VisualStudioVersion = 17.0.31903.59
MinimumVisualStudioVersion = 10.0.40219.1
Project("{FAE04EC0-301F-11D3-BF4B-00C04F79EFBC}") = "MetaFabric.Core", "MetaFabric\Core\MetaFabric.Core.csproj", "{5EF4CA3D-4368-4BA0-9F2F-B4892C26C4FD}"
EndProject
Project("{FAE04EC0-301F-11D3-BF4B-00C04F79EFBC}") = "MetaFabric.Cli", "MetaFabric\Cli\MetaFabric.Cli.csproj", "{93C7830C-46A8-4C32-ADF0-CFBC7B3838E5}"
EndProject
Project("{FAE04EC0-301F-11D3-BF4B-00C04F79EFBC}") = "MetaFabric.Tests", "MetaFabric\Tests\MetaFabric.Tests.csproj", "{34DBCE59-0811-4757-9A9C-2E3E5645EBC6}"
EndProject
Global
	GlobalSection(SolutionConfigurationPlatforms) = preSolution
		Debug|Any CPU = Debug|Any CPU
		Release|Any CPU = Release|Any CPU
	EndGlobalSection
	GlobalSection(SolutionProperties) = preSolution
		HideSolutionNode = FALSE
	EndGlobalSection
	GlobalSection(ProjectConfigurationPlatforms) = postSolution
		{5EF4CA3D-4368-4BA0-9F2F-B4892C26C4FD}.Debug|Any CPU.ActiveCfg = Debug|Any CPU
		{5EF4CA3D-4368-4BA0-9F2F-B4892C26C4FD}.Debug|Any CPU.Build.0 = Debug|Any CPU
		{5EF4CA3D-4368-4BA0-9F2F-B4892C26C4FD}.Release|Any CPU.ActiveCfg = Release|Any CPU
		{5EF4CA3D-4368-4BA0-9F2F-B4892C26C4FD}.Release|Any CPU.Build.0 = Release|Any CPU
		{93C7830C-46A8-4C32-ADF0-CFBC7B3838E5}.Debug|Any CPU.ActiveCfg = Debug|Any CPU
		{93C7830C-46A8-4C32-ADF0-CFBC7B3838E5}.Debug|Any CPU.Build.0 = Debug|Any CPU
		{93C7830C-46A8-4C32-ADF0-CFBC7B3838E5}.Release|Any CPU.ActiveCfg = Release|Any CPU
		{93C7830C-46A8-4C32-ADF0-CFBC7B3838E5}.Release|Any CPU.Build.0 = Release|Any CPU
		{34DBCE59-0811-4757-9A9C-2E3E5645EBC6}.Debug|Any CPU.ActiveCfg = Debug|Any CPU
		{34DBCE59-0811-4757-9A9C-2E3E5645EBC6}.Debug|Any CPU.Build.0 = Debug|Any CPU
		{34DBCE59-0811-4757-9A9C-2E3E5645EBC6}.Release|Any CPU.ActiveCfg = Release|Any CPU
		{34DBCE59-0811-4757-9A9C-2E3E5645EBC6}.Release|Any CPU.Build.0 = Release|Any CPU
	EndGlobalSection
EndGlobal
