Microsoft Visual Studio Solution File, Format Version 12.00
# Visual Studio Version 17
VisualStudioVersion = 17.0.31903.59
MinimumVisualStudioVersion = 10.0.40219.1
Project("{FAE04EC0-301F-11D3-BF4B-00C04F79EFBC}") = "MetaWeave.Core", "MetaWeave\Core\MetaWeave.Core.csproj", "{D55AE0A8-BDA4-4EAA-9D8E-C945E7955B79}"
EndProject
Project("{FAE04EC0-301F-11D3-BF4B-00C04F79EFBC}") = "MetaWeave.Cli", "MetaWeave\Cli\MetaWeave.Cli.csproj", "{91EE6A4D-C1F2-4253-8A64-7D47FC3D2767}"
EndProject
Project("{FAE04EC0-301F-11D3-BF4B-00C04F79EFBC}") = "MetaWeave.Tests", "MetaWeave\Tests\MetaWeave.Tests.csproj", "{F328B193-4E58-4F3E-861B-BFB2090DEB52}"
EndProject
Global
	GlobalSection(SolutionConfigurationPlatforms) = preSolution
		Debug|Any CPU = Debug|Any CPU
		Release|Any CPU = Release|Any CPU
	EndGlobalSection
	GlobalSection(SolutionProperties) = preSolution
		HideSolutionNode = FALSE
	EndGlobalSection
	GlobalSection(ProjectConfigurationPlatforms) = postSolution
		{D55AE0A8-BDA4-4EAA-9D8E-C945E7955B79}.Debug|Any CPU.ActiveCfg = Debug|Any CPU
		{D55AE0A8-BDA4-4EAA-9D8E-C945E7955B79}.Debug|Any CPU.Build.0 = Debug|Any CPU
		{D55AE0A8-BDA4-4EAA-9D8E-C945E7955B79}.Release|Any CPU.ActiveCfg = Release|Any CPU
		{D55AE0A8-BDA4-4EAA-9D8E-C945E7955B79}.Release|Any CPU.Build.0 = Release|Any CPU
		{91EE6A4D-C1F2-4253-8A64-7D47FC3D2767}.Debug|Any CPU.ActiveCfg = Debug|Any CPU
		{91EE6A4D-C1F2-4253-8A64-7D47FC3D2767}.Debug|Any CPU.Build.0 = Debug|Any CPU
		{91EE6A4D-C1F2-4253-8A64-7D47FC3D2767}.Release|Any CPU.ActiveCfg = Release|Any CPU
		{91EE6A4D-C1F2-4253-8A64-7D47FC3D2767}.Release|Any CPU.Build.0 = Release|Any CPU
		{F328B193-4E58-4F3E-861B-BFB2090DEB52}.Debug|Any CPU.ActiveCfg = Debug|Any CPU
		{F328B193-4E58-4F3E-861B-BFB2090DEB52}.Debug|Any CPU.Build.0 = Debug|Any CPU
		{F328B193-4E58-4F3E-861B-BFB2090DEB52}.Release|Any CPU.ActiveCfg = Release|Any CPU
		{F328B193-4E58-4F3E-861B-BFB2090DEB52}.Release|Any CPU.Build.0 = Release|Any CPU
	EndGlobalSection
EndGlobal
