Microsoft Visual Studio Solution File, Format Version 12.00
# Visual Studio Version 17
VisualStudioVersion = 17.12.35707.178 d17.12
MinimumVisualStudioVersion = 10.0.40219.1
Project("{FAE04EC0-301F-11D3-BF4B-00C04F79EFBC}") = "Meta.Core", "Meta\Core\Meta.Core.csproj", "{BE39DC9D-4AE5-41E7-91B8-0F4A5477E065}"
EndProject
Project("{FAE04EC0-301F-11D3-BF4B-00C04F79EFBC}") = "Meta.Cli", "Meta\Cli\Meta.Cli.csproj", "{E68BD422-6320-4EB6-967B-31FBA22AB0B2}"
EndProject
Project("{FAE04EC0-301F-11D3-BF4B-00C04F79EFBC}") = "Meta.Core.Tests", "Meta\Tests\Meta.Core.Tests.csproj", "{BB562B77-A571-414A-8B8E-B04F6D78E679}"
EndProject
Project("{2150E333-8FDC-42A3-9474-1A3956D46DE8}") = "MetaDocs", "MetaDocs", "{972BCC8D-E07D-4B15-9BB7-667D4B0D4E64}"
EndProject
Project("{FAE04EC0-301F-11D3-BF4B-00C04F79EFBC}") = "MetaDocs.Model", "MetaDocs\MetaDocs.Model.csproj", "{A5BD34B9-E1BB-4BD0-9EDA-400F7E1B5B9F}"
EndProject
Project("{FAE04EC0-301F-11D3-BF4B-00C04F79EFBC}") = "MetaDocs.Core", "MetaDocs\Core\MetaDocs.Core.csproj", "{DD9E2B6D-5220-4D7E-995D-A4FCC7574315}"
EndProject
Project("{FAE04EC0-301F-11D3-BF4B-00C04F79EFBC}") = "MetaDocs.Cli", "MetaDocs\Cli\MetaDocs.Cli.csproj", "{77220C0D-158F-43A8-8344-6EE6A9D52201}"
EndProject
Project("{FAE04EC0-301F-11D3-BF4B-00C04F79EFBC}") = "MetaDocs.Tests", "MetaDocs\Tests\MetaDocs.Tests.csproj", "{AE996616-D043-4F87-9666-3247A62DFD8D}"
EndProject
Project("{2150E333-8FDC-42A3-9474-1A3956D46DE8}") = "MetaCli", "MetaCli", "{3D793493-A50C-406E-B2B4-A1114E17182A}"
EndProject
Project("{FAE04EC0-301F-11D3-BF4B-00C04F79EFBC}") = "MetaCli.Core", "MetaCli\Core\MetaCli.Core.csproj", "{75F7BC75-EA65-4D7A-BC96-29846D8DEB3E}"
EndProject
Project("{2150E333-8FDC-42A3-9474-1A3956D46DE8}") = "MetaMesh", "MetaMesh", "{4B3EF729-FA6F-4370-8C16-43F10A703385}"
EndProject
Project("{FAE04EC0-301F-11D3-BF4B-00C04F79EFBC}") = "MetaMesh.Model", "MetaMesh\MetaMesh.Model.csproj", "{B849B627-D511-4150-8448-BDB8ADE3C679}"
EndProject
Project("{FAE04EC0-301F-11D3-BF4B-00C04F79EFBC}") = "MetaMesh.Core", "MetaMesh\Core\MetaMesh.Core.csproj", "{6CBFB683-AC6A-46F1-AE45-D186D68930CF}"
EndProject
Project("{FAE04EC0-301F-11D3-BF4B-00C04F79EFBC}") = "MetaMesh.Cli", "MetaMesh\Cli\MetaMesh.Cli.csproj", "{057F3D43-3508-4524-AC84-E8F43A02C17F}"
EndProject
Project("{FAE04EC0-301F-11D3-BF4B-00C04F79EFBC}") = "MetaMesh.Tests", "MetaMesh\Tests\MetaMesh.Tests.csproj", "{1DE395A9-8211-472B-AABE-B0D6D60FE2D4}"
EndProject
Project("{FAE04EC0-301F-11D3-BF4B-00C04F79EFBC}") = "MetaCli.Model", "MetaCli\MetaCli.Model.csproj", "{07E3FFF5-198C-4352-A400-3928CF24366A}"
EndProject
Project("{FAE04EC0-301F-11D3-BF4B-00C04F79EFBC}") = "MetaCli.Cli", "MetaCli\Cli\MetaCli.Cli.csproj", "{05A64216-F863-4D02-BEE6-54475D4C4E38}"
EndProject
Project("{FAE04EC0-301F-11D3-BF4B-00C04F79EFBC}") = "MetaCli.Tests", "MetaCli\Tests\MetaCli.Tests.csproj", "{FB5A6DCA-393C-4251-A9A7-20B1EAC4BE26}"
EndProject
Project("{2150E333-8FDC-42A3-9474-1A3956D46DE8}") = "MetaWeave", "MetaWeave", "{CD9EE933-0EBD-4A8A-9EEF-8367D5AF5CFC}"
EndProject
Project("{FAE04EC0-301F-11D3-BF4B-00C04F79EFBC}") = "MetaWeave.Model", "MetaWeave\MetaWeave.Model.csproj", "{AB52F59B-048A-4A2A-B582-D30F57A10614}"
EndProject
Project("{FAE04EC0-301F-11D3-BF4B-00C04F79EFBC}") = "MetaWeave.Core", "MetaWeave\Core\MetaWeave.Core.csproj", "{AA089ECC-FB4A-41D9-BA32-E0CE1AEB00B6}"
EndProject
Project("{2150E333-8FDC-42A3-9474-1A3956D46DE8}") = "Meta", "Meta", "{AE58EFCF-C756-48A7-B786-084E959348FD}"
EndProject
Project("{FAE04EC0-301F-11D3-BF4B-00C04F79EFBC}") = "Meta.Operations", "Meta\Operations\Meta.Operations.csproj", "{E9760021-9D41-42AA-BF78-88D743F3735E}"
EndProject
Project("{FAE04EC0-301F-11D3-BF4B-00C04F79EFBC}") = "Meta.Operations.Tests", "Meta\Operations.Tests\Meta.Operations.Tests.csproj", "{F07FF8F4-3FD4-4CA7-9D3F-492476933CDF}"
EndProject
Project("{FAE04EC0-301F-11D3-BF4B-00C04F79EFBC}") = "Meta.Surfaces", "Meta\Surfaces\Meta.Surfaces.csproj", "{786FD43A-A9EC-4B1D-BAA8-0615CE7C0C2C}"
EndProject
Project("{FAE04EC0-301F-11D3-BF4B-00C04F79EFBC}") = "Meta.Integration", "Meta\Integration\Meta.Integration.csproj", "{8CD5ADF6-5FAF-4550-B3AD-821C01A6C357}"
EndProject
Project("{FAE04EC0-301F-11D3-BF4B-00C04F79EFBC}") = "Meta.Surfaces.Xml", "Meta\Surfaces.Xml\Meta.Surfaces.Xml.csproj", "{A71B3560-675C-4FB3-AD79-F574158F7E74}"
EndProject
Project("{FAE04EC0-301F-11D3-BF4B-00C04F79EFBC}") = "Meta.Surfaces.CSharp", "Meta\Surfaces.CSharp\Meta.Surfaces.CSharp.csproj", "{A9D57C8E-F485-43B4-87B4-6BA5B9895A68}"
EndProject
Project("{FAE04EC0-301F-11D3-BF4B-00C04F79EFBC}") = "Meta.Surfaces.Sql", "Meta\Surfaces.Sql\Meta.Surfaces.Sql.csproj", "{BBB1D299-8134-454A-9FD3-173A5E563DC8}"
EndProject
Project("{FAE04EC0-301F-11D3-BF4B-00C04F79EFBC}") = "Meta.Surfaces.Xml.Tests", "Meta\Surfaces.Xml.Tests\Meta.Surfaces.Xml.Tests.csproj", "{452BF2C3-8B25-437E-99CA-F7D0608BCDC9}"
EndProject
Project("{FAE04EC0-301F-11D3-BF4B-00C04F79EFBC}") = "Meta.Surfaces.CSharp.Tests", "Meta\Surfaces.CSharp.Tests\Meta.Surfaces.CSharp.Tests.csproj", "{B89ADD75-228B-4CF3-A83D-D1520DCB2681}"
EndProject
Project("{FAE04EC0-301F-11D3-BF4B-00C04F79EFBC}") = "Meta.Surfaces.Sql.Tests", "Meta\Surfaces.Sql.Tests\Meta.Surfaces.Sql.Tests.csproj", "{C527EB7D-1FDB-4AB0-B5B6-E6A799A08E7E}"
EndProject
Project("{FAE04EC0-301F-11D3-BF4B-00C04F79EFBC}") = "Meta.Integration.Tests", "Meta\Integration.Tests\Meta.Integration.Tests.csproj", "{C225CA4C-CD82-4FBC-8281-D3E4F7C8DC97}"
EndProject
Project("{FAE04EC0-301F-11D3-BF4B-00C04F79EFBC}") = "Meta.Architecture.Tests", "Meta\Architecture.Tests\Meta.Architecture.Tests.csproj", "{F4C4BFE7-1912-4E9D-9DA7-4909645CBBAB}"
EndProject
Project("{FAE04EC0-301F-11D3-BF4B-00C04F79EFBC}") = "Meta.TypedModels", "Meta\TypedModels\Meta.TypedModels.csproj", "{546CCB27-AAE4-41A5-8E2A-5B8A64DBD776}"
EndProject
Project("{2150E333-8FDC-42A3-9474-1A3956D46DE8}") = "Script", "Script", "{A4390C36-98F7-48A1-A0FE-42DE0978B5F0}"
EndProject
Project("{FAE04EC0-301F-11D3-BF4B-00C04F79EFBC}") = "MetaWeaveScript.Sql", "MetaWeave\Script\Sql\MetaWeaveScript.Sql.csproj", "{15C415BA-EF69-4562-B225-ECD2F2413C89}"
EndProject
Project("{FAE04EC0-301F-11D3-BF4B-00C04F79EFBC}") = "MetaWeaveScript.Tests", "MetaWeave\Script\Tests\MetaWeaveScript.Tests.csproj", "{026BAEBA-50A1-4481-A704-BC084CD7FEE2}"
EndProject
Project("{FAE04EC0-301F-11D3-BF4B-00C04F79EFBC}") = "MetaWeaveScript.Execution", "MetaWeave\Script\Execution\MetaWeaveScript.Execution.csproj", "{B60382E9-399D-40F8-B622-78C9F8374568}"
EndProject
Project("{2150E333-8FDC-42A3-9474-1A3956D46DE8}") = "Cli", "Cli", "{2754B8B2-335A-4D84-863A-EAAF4FA48B9B}"
EndProject
Project("{FAE04EC0-301F-11D3-BF4B-00C04F79EFBC}") = "MetaWeave.Cli", "MetaWeave\Cli\MetaWeave.Cli.csproj", "{C9355061-BC78-42EC-81A1-0896B7D5F120}"
EndProject
Project("{2150E333-8FDC-42A3-9474-1A3956D46DE8}") = "Tests", "Tests", "{7AF37621-67B6-45CF-B5B0-0A254AD4F3BD}"
EndProject
Project("{FAE04EC0-301F-11D3-BF4B-00C04F79EFBC}") = "MetaWeave.Tests", "MetaWeave\Tests\MetaWeave.Tests.csproj", "{0AC0C721-E8F5-45FF-85EE-CC378C3C665F}"
EndProject
Global
	GlobalSection(SolutionConfigurationPlatforms) = preSolution
		Debug|Any CPU = Debug|Any CPU
		Release|Any CPU = Release|Any CPU
	EndGlobalSection
	GlobalSection(ProjectConfigurationPlatforms) = postSolution
		{BE39DC9D-4AE5-41E7-91B8-0F4A5477E065}.Debug|Any CPU.ActiveCfg = Debug|Any CPU
		{BE39DC9D-4AE5-41E7-91B8-0F4A5477E065}.Debug|Any CPU.Build.0 = Debug|Any CPU
		{BE39DC9D-4AE5-41E7-91B8-0F4A5477E065}.Release|Any CPU.ActiveCfg = Release|Any CPU
		{BE39DC9D-4AE5-41E7-91B8-0F4A5477E065}.Release|Any CPU.Build.0 = Release|Any CPU
		{E68BD422-6320-4EB6-967B-31FBA22AB0B2}.Debug|Any CPU.ActiveCfg = Debug|Any CPU
		{E68BD422-6320-4EB6-967B-31FBA22AB0B2}.Debug|Any CPU.Build.0 = Debug|Any CPU
		{E68BD422-6320-4EB6-967B-31FBA22AB0B2}.Release|Any CPU.ActiveCfg = Release|Any CPU
		{E68BD422-6320-4EB6-967B-31FBA22AB0B2}.Release|Any CPU.Build.0 = Release|Any CPU
		{BB562B77-A571-414A-8B8E-B04F6D78E679}.Debug|Any CPU.ActiveCfg = Debug|Any CPU
		{BB562B77-A571-414A-8B8E-B04F6D78E679}.Debug|Any CPU.Build.0 = Debug|Any CPU
		{BB562B77-A571-414A-8B8E-B04F6D78E679}.Release|Any CPU.ActiveCfg = Release|Any CPU
		{BB562B77-A571-414A-8B8E-B04F6D78E679}.Release|Any CPU.Build.0 = Release|Any CPU
		{A5BD34B9-E1BB-4BD0-9EDA-400F7E1B5B9F}.Debug|Any CPU.ActiveCfg = Debug|Any CPU
		{A5BD34B9-E1BB-4BD0-9EDA-400F7E1B5B9F}.Debug|Any CPU.Build.0 = Debug|Any CPU
		{A5BD34B9-E1BB-4BD0-9EDA-400F7E1B5B9F}.Release|Any CPU.ActiveCfg = Release|Any CPU
		{A5BD34B9-E1BB-4BD0-9EDA-400F7E1B5B9F}.Release|Any CPU.Build.0 = Release|Any CPU
		{DD9E2B6D-5220-4D7E-995D-A4FCC7574315}.Debug|Any CPU.ActiveCfg = Debug|Any CPU
		{DD9E2B6D-5220-4D7E-995D-A4FCC7574315}.Debug|Any CPU.Build.0 = Debug|Any CPU
		{DD9E2B6D-5220-4D7E-995D-A4FCC7574315}.Release|Any CPU.ActiveCfg = Release|Any CPU
		{DD9E2B6D-5220-4D7E-995D-A4FCC7574315}.Release|Any CPU.Build.0 = Release|Any CPU
		{77220C0D-158F-43A8-8344-6EE6A9D52201}.Debug|Any CPU.ActiveCfg = Debug|Any CPU
		{77220C0D-158F-43A8-8344-6EE6A9D52201}.Debug|Any CPU.Build.0 = Debug|Any CPU
		{77220C0D-158F-43A8-8344-6EE6A9D52201}.Release|Any CPU.ActiveCfg = Release|Any CPU
		{77220C0D-158F-43A8-8344-6EE6A9D52201}.Release|Any CPU.Build.0 = Release|Any CPU
		{AE996616-D043-4F87-9666-3247A62DFD8D}.Debug|Any CPU.ActiveCfg = Debug|Any CPU
		{AE996616-D043-4F87-9666-3247A62DFD8D}.Debug|Any CPU.Build.0 = Debug|Any CPU
		{AE996616-D043-4F87-9666-3247A62DFD8D}.Release|Any CPU.ActiveCfg = Release|Any CPU
		{AE996616-D043-4F87-9666-3247A62DFD8D}.Release|Any CPU.Build.0 = Release|Any CPU
		{75F7BC75-EA65-4D7A-BC96-29846D8DEB3E}.Debug|Any CPU.ActiveCfg = Debug|Any CPU
		{75F7BC75-EA65-4D7A-BC96-29846D8DEB3E}.Debug|Any CPU.Build.0 = Debug|Any CPU
		{75F7BC75-EA65-4D7A-BC96-29846D8DEB3E}.Release|Any CPU.ActiveCfg = Release|Any CPU
		{75F7BC75-EA65-4D7A-BC96-29846D8DEB3E}.Release|Any CPU.Build.0 = Release|Any CPU
		{B849B627-D511-4150-8448-BDB8ADE3C679}.Debug|Any CPU.ActiveCfg = Debug|Any CPU
		{B849B627-D511-4150-8448-BDB8ADE3C679}.Debug|Any CPU.Build.0 = Debug|Any CPU
		{B849B627-D511-4150-8448-BDB8ADE3C679}.Release|Any CPU.ActiveCfg = Release|Any CPU
		{B849B627-D511-4150-8448-BDB8ADE3C679}.Release|Any CPU.Build.0 = Release|Any CPU
		{6CBFB683-AC6A-46F1-AE45-D186D68930CF}.Debug|Any CPU.ActiveCfg = Debug|Any CPU
		{6CBFB683-AC6A-46F1-AE45-D186D68930CF}.Debug|Any CPU.Build.0 = Debug|Any CPU
		{6CBFB683-AC6A-46F1-AE45-D186D68930CF}.Release|Any CPU.ActiveCfg = Release|Any CPU
		{6CBFB683-AC6A-46F1-AE45-D186D68930CF}.Release|Any CPU.Build.0 = Release|Any CPU
		{057F3D43-3508-4524-AC84-E8F43A02C17F}.Debug|Any CPU.ActiveCfg = Debug|Any CPU
		{057F3D43-3508-4524-AC84-E8F43A02C17F}.Debug|Any CPU.Build.0 = Debug|Any CPU
		{057F3D43-3508-4524-AC84-E8F43A02C17F}.Release|Any CPU.ActiveCfg = Release|Any CPU
		{057F3D43-3508-4524-AC84-E8F43A02C17F}.Release|Any CPU.Build.0 = Release|Any CPU
		{1DE395A9-8211-472B-AABE-B0D6D60FE2D4}.Debug|Any CPU.ActiveCfg = Debug|Any CPU
		{1DE395A9-8211-472B-AABE-B0D6D60FE2D4}.Debug|Any CPU.Build.0 = Debug|Any CPU
		{1DE395A9-8211-472B-AABE-B0D6D60FE2D4}.Release|Any CPU.ActiveCfg = Release|Any CPU
		{1DE395A9-8211-472B-AABE-B0D6D60FE2D4}.Release|Any CPU.Build.0 = Release|Any CPU
		{07E3FFF5-198C-4352-A400-3928CF24366A}.Debug|Any CPU.ActiveCfg = Debug|Any CPU
		{07E3FFF5-198C-4352-A400-3928CF24366A}.Debug|Any CPU.Build.0 = Debug|Any CPU
		{07E3FFF5-198C-4352-A400-3928CF24366A}.Release|Any CPU.ActiveCfg = Release|Any CPU
		{07E3FFF5-198C-4352-A400-3928CF24366A}.Release|Any CPU.Build.0 = Release|Any CPU
		{05A64216-F863-4D02-BEE6-54475D4C4E38}.Debug|Any CPU.ActiveCfg = Debug|Any CPU
		{05A64216-F863-4D02-BEE6-54475D4C4E38}.Debug|Any CPU.Build.0 = Debug|Any CPU
		{05A64216-F863-4D02-BEE6-54475D4C4E38}.Release|Any CPU.ActiveCfg = Release|Any CPU
		{05A64216-F863-4D02-BEE6-54475D4C4E38}.Release|Any CPU.Build.0 = Release|Any CPU
		{FB5A6DCA-393C-4251-A9A7-20B1EAC4BE26}.Debug|Any CPU.ActiveCfg = Debug|Any CPU
		{FB5A6DCA-393C-4251-A9A7-20B1EAC4BE26}.Debug|Any CPU.Build.0 = Debug|Any CPU
		{FB5A6DCA-393C-4251-A9A7-20B1EAC4BE26}.Release|Any CPU.ActiveCfg = Release|Any CPU
		{FB5A6DCA-393C-4251-A9A7-20B1EAC4BE26}.Release|Any CPU.Build.0 = Release|Any CPU
		{AB52F59B-048A-4A2A-B582-D30F57A10614}.Debug|Any CPU.ActiveCfg = Debug|Any CPU
		{AB52F59B-048A-4A2A-B582-D30F57A10614}.Debug|Any CPU.Build.0 = Debug|Any CPU
		{AB52F59B-048A-4A2A-B582-D30F57A10614}.Release|Any CPU.ActiveCfg = Release|Any CPU
		{AB52F59B-048A-4A2A-B582-D30F57A10614}.Release|Any CPU.Build.0 = Release|Any CPU
		{AA089ECC-FB4A-41D9-BA32-E0CE1AEB00B6}.Debug|Any CPU.ActiveCfg = Debug|Any CPU
		{AA089ECC-FB4A-41D9-BA32-E0CE1AEB00B6}.Debug|Any CPU.Build.0 = Debug|Any CPU
		{AA089ECC-FB4A-41D9-BA32-E0CE1AEB00B6}.Release|Any CPU.ActiveCfg = Release|Any CPU
		{AA089ECC-FB4A-41D9-BA32-E0CE1AEB00B6}.Release|Any CPU.Build.0 = Release|Any CPU
		{E9760021-9D41-42AA-BF78-88D743F3735E}.Debug|Any CPU.ActiveCfg = Debug|Any CPU
		{E9760021-9D41-42AA-BF78-88D743F3735E}.Debug|Any CPU.Build.0 = Debug|Any CPU
		{E9760021-9D41-42AA-BF78-88D743F3735E}.Release|Any CPU.ActiveCfg = Release|Any CPU
		{E9760021-9D41-42AA-BF78-88D743F3735E}.Release|Any CPU.Build.0 = Release|Any CPU
		{F07FF8F4-3FD4-4CA7-9D3F-492476933CDF}.Debug|Any CPU.ActiveCfg = Debug|Any CPU
		{F07FF8F4-3FD4-4CA7-9D3F-492476933CDF}.Debug|Any CPU.Build.0 = Debug|Any CPU
		{F07FF8F4-3FD4-4CA7-9D3F-492476933CDF}.Release|Any CPU.ActiveCfg = Release|Any CPU
		{F07FF8F4-3FD4-4CA7-9D3F-492476933CDF}.Release|Any CPU.Build.0 = Release|Any CPU
		{786FD43A-A9EC-4B1D-BAA8-0615CE7C0C2C}.Debug|Any CPU.ActiveCfg = Debug|Any CPU
		{786FD43A-A9EC-4B1D-BAA8-0615CE7C0C2C}.Debug|Any CPU.Build.0 = Debug|Any CPU
		{786FD43A-A9EC-4B1D-BAA8-0615CE7C0C2C}.Release|Any CPU.ActiveCfg = Release|Any CPU
		{786FD43A-A9EC-4B1D-BAA8-0615CE7C0C2C}.Release|Any CPU.Build.0 = Release|Any CPU
		{8CD5ADF6-5FAF-4550-B3AD-821C01A6C357}.Debug|Any CPU.ActiveCfg = Debug|Any CPU
		{8CD5ADF6-5FAF-4550-B3AD-821C01A6C357}.Debug|Any CPU.Build.0 = Debug|Any CPU
		{8CD5ADF6-5FAF-4550-B3AD-821C01A6C357}.Release|Any CPU.ActiveCfg = Release|Any CPU
		{8CD5ADF6-5FAF-4550-B3AD-821C01A6C357}.Release|Any CPU.Build.0 = Release|Any CPU
		{A71B3560-675C-4FB3-AD79-F574158F7E74}.Debug|Any CPU.ActiveCfg = Debug|Any CPU
		{A71B3560-675C-4FB3-AD79-F574158F7E74}.Debug|Any CPU.Build.0 = Debug|Any CPU
		{A71B3560-675C-4FB3-AD79-F574158F7E74}.Release|Any CPU.ActiveCfg = Release|Any CPU
		{A71B3560-675C-4FB3-AD79-F574158F7E74}.Release|Any CPU.Build.0 = Release|Any CPU
		{A9D57C8E-F485-43B4-87B4-6BA5B9895A68}.Debug|Any CPU.ActiveCfg = Debug|Any CPU
		{A9D57C8E-F485-43B4-87B4-6BA5B9895A68}.Debug|Any CPU.Build.0 = Debug|Any CPU
		{A9D57C8E-F485-43B4-87B4-6BA5B9895A68}.Release|Any CPU.ActiveCfg = Release|Any CPU
		{A9D57C8E-F485-43B4-87B4-6BA5B9895A68}.Release|Any CPU.Build.0 = Release|Any CPU
		{BBB1D299-8134-454A-9FD3-173A5E563DC8}.Debug|Any CPU.ActiveCfg = Debug|Any CPU
		{BBB1D299-8134-454A-9FD3-173A5E563DC8}.Debug|Any CPU.Build.0 = Debug|Any CPU
		{BBB1D299-8134-454A-9FD3-173A5E563DC8}.Release|Any CPU.ActiveCfg = Release|Any CPU
		{BBB1D299-8134-454A-9FD3-173A5E563DC8}.Release|Any CPU.Build.0 = Release|Any CPU
		{452BF2C3-8B25-437E-99CA-F7D0608BCDC9}.Debug|Any CPU.ActiveCfg = Debug|Any CPU
		{452BF2C3-8B25-437E-99CA-F7D0608BCDC9}.Debug|Any CPU.Build.0 = Debug|Any CPU
		{452BF2C3-8B25-437E-99CA-F7D0608BCDC9}.Release|Any CPU.ActiveCfg = Release|Any CPU
		{452BF2C3-8B25-437E-99CA-F7D0608BCDC9}.Release|Any CPU.Build.0 = Release|Any CPU
		{B89ADD75-228B-4CF3-A83D-D1520DCB2681}.Debug|Any CPU.ActiveCfg = Debug|Any CPU
		{B89ADD75-228B-4CF3-A83D-D1520DCB2681}.Debug|Any CPU.Build.0 = Debug|Any CPU
		{B89ADD75-228B-4CF3-A83D-D1520DCB2681}.Release|Any CPU.ActiveCfg = Release|Any CPU
		{B89ADD75-228B-4CF3-A83D-D1520DCB2681}.Release|Any CPU.Build.0 = Release|Any CPU
		{C527EB7D-1FDB-4AB0-B5B6-E6A799A08E7E}.Debug|Any CPU.ActiveCfg = Debug|Any CPU
		{C527EB7D-1FDB-4AB0-B5B6-E6A799A08E7E}.Debug|Any CPU.Build.0 = Debug|Any CPU
		{C527EB7D-1FDB-4AB0-B5B6-E6A799A08E7E}.Release|Any CPU.ActiveCfg = Release|Any CPU
		{C527EB7D-1FDB-4AB0-B5B6-E6A799A08E7E}.Release|Any CPU.Build.0 = Release|Any CPU
		{C225CA4C-CD82-4FBC-8281-D3E4F7C8DC97}.Debug|Any CPU.ActiveCfg = Debug|Any CPU
		{C225CA4C-CD82-4FBC-8281-D3E4F7C8DC97}.Debug|Any CPU.Build.0 = Debug|Any CPU
		{C225CA4C-CD82-4FBC-8281-D3E4F7C8DC97}.Release|Any CPU.ActiveCfg = Release|Any CPU
		{C225CA4C-CD82-4FBC-8281-D3E4F7C8DC97}.Release|Any CPU.Build.0 = Release|Any CPU
		{F4C4BFE7-1912-4E9D-9DA7-4909645CBBAB}.Debug|Any CPU.ActiveCfg = Debug|Any CPU
		{F4C4BFE7-1912-4E9D-9DA7-4909645CBBAB}.Debug|Any CPU.Build.0 = Debug|Any CPU
		{F4C4BFE7-1912-4E9D-9DA7-4909645CBBAB}.Release|Any CPU.ActiveCfg = Release|Any CPU
		{F4C4BFE7-1912-4E9D-9DA7-4909645CBBAB}.Release|Any CPU.Build.0 = Release|Any CPU
		{546CCB27-AAE4-41A5-8E2A-5B8A64DBD776}.Debug|Any CPU.ActiveCfg = Debug|Any CPU
		{546CCB27-AAE4-41A5-8E2A-5B8A64DBD776}.Debug|Any CPU.Build.0 = Debug|Any CPU
		{546CCB27-AAE4-41A5-8E2A-5B8A64DBD776}.Release|Any CPU.ActiveCfg = Release|Any CPU
		{546CCB27-AAE4-41A5-8E2A-5B8A64DBD776}.Release|Any CPU.Build.0 = Release|Any CPU
		{15C415BA-EF69-4562-B225-ECD2F2413C89}.Debug|Any CPU.ActiveCfg = Debug|Any CPU
		{15C415BA-EF69-4562-B225-ECD2F2413C89}.Debug|Any CPU.Build.0 = Debug|Any CPU
		{15C415BA-EF69-4562-B225-ECD2F2413C89}.Release|Any CPU.ActiveCfg = Release|Any CPU
		{15C415BA-EF69-4562-B225-ECD2F2413C89}.Release|Any CPU.Build.0 = Release|Any CPU
		{026BAEBA-50A1-4481-A704-BC084CD7FEE2}.Debug|Any CPU.ActiveCfg = Debug|Any CPU
		{026BAEBA-50A1-4481-A704-BC084CD7FEE2}.Debug|Any CPU.Build.0 = Debug|Any CPU
		{026BAEBA-50A1-4481-A704-BC084CD7FEE2}.Release|Any CPU.ActiveCfg = Release|Any CPU
		{026BAEBA-50A1-4481-A704-BC084CD7FEE2}.Release|Any CPU.Build.0 = Release|Any CPU
		{B60382E9-399D-40F8-B622-78C9F8374568}.Debug|Any CPU.ActiveCfg = Debug|Any CPU
		{B60382E9-399D-40F8-B622-78C9F8374568}.Debug|Any CPU.Build.0 = Debug|Any CPU
		{B60382E9-399D-40F8-B622-78C9F8374568}.Release|Any CPU.ActiveCfg = Release|Any CPU
		{B60382E9-399D-40F8-B622-78C9F8374568}.Release|Any CPU.Build.0 = Release|Any CPU
		{C9355061-BC78-42EC-81A1-0896B7D5F120}.Debug|Any CPU.ActiveCfg = Debug|Any CPU
		{C9355061-BC78-42EC-81A1-0896B7D5F120}.Debug|Any CPU.Build.0 = Debug|Any CPU
		{C9355061-BC78-42EC-81A1-0896B7D5F120}.Release|Any CPU.ActiveCfg = Release|Any CPU
		{C9355061-BC78-42EC-81A1-0896B7D5F120}.Release|Any CPU.Build.0 = Release|Any CPU
		{0AC0C721-E8F5-45FF-85EE-CC378C3C665F}.Debug|Any CPU.ActiveCfg = Debug|Any CPU
		{0AC0C721-E8F5-45FF-85EE-CC378C3C665F}.Debug|Any CPU.Build.0 = Debug|Any CPU
		{0AC0C721-E8F5-45FF-85EE-CC378C3C665F}.Release|Any CPU.ActiveCfg = Release|Any CPU
		{0AC0C721-E8F5-45FF-85EE-CC378C3C665F}.Release|Any CPU.Build.0 = Release|Any CPU
	EndGlobalSection
	GlobalSection(SolutionProperties) = preSolution
		HideSolutionNode = FALSE
	EndGlobalSection
	GlobalSection(NestedProjects) = preSolution
		{A5BD34B9-E1BB-4BD0-9EDA-400F7E1B5B9F} = {972BCC8D-E07D-4B15-9BB7-667D4B0D4E64}
		{DD9E2B6D-5220-4D7E-995D-A4FCC7574315} = {972BCC8D-E07D-4B15-9BB7-667D4B0D4E64}
		{77220C0D-158F-43A8-8344-6EE6A9D52201} = {972BCC8D-E07D-4B15-9BB7-667D4B0D4E64}
		{AE996616-D043-4F87-9666-3247A62DFD8D} = {972BCC8D-E07D-4B15-9BB7-667D4B0D4E64}
		{75F7BC75-EA65-4D7A-BC96-29846D8DEB3E} = {3D793493-A50C-406E-B2B4-A1114E17182A}
		{B849B627-D511-4150-8448-BDB8ADE3C679} = {4B3EF729-FA6F-4370-8C16-43F10A703385}
		{6CBFB683-AC6A-46F1-AE45-D186D68930CF} = {4B3EF729-FA6F-4370-8C16-43F10A703385}
		{057F3D43-3508-4524-AC84-E8F43A02C17F} = {4B3EF729-FA6F-4370-8C16-43F10A703385}
		{1DE395A9-8211-472B-AABE-B0D6D60FE2D4} = {4B3EF729-FA6F-4370-8C16-43F10A703385}
		{07E3FFF5-198C-4352-A400-3928CF24366A} = {3D793493-A50C-406E-B2B4-A1114E17182A}
		{05A64216-F863-4D02-BEE6-54475D4C4E38} = {3D793493-A50C-406E-B2B4-A1114E17182A}
		{FB5A6DCA-393C-4251-A9A7-20B1EAC4BE26} = {3D793493-A50C-406E-B2B4-A1114E17182A}
		{AB52F59B-048A-4A2A-B582-D30F57A10614} = {CD9EE933-0EBD-4A8A-9EEF-8367D5AF5CFC}
		{AA089ECC-FB4A-41D9-BA32-E0CE1AEB00B6} = {CD9EE933-0EBD-4A8A-9EEF-8367D5AF5CFC}
		{E9760021-9D41-42AA-BF78-88D743F3735E} = {AE58EFCF-C756-48A7-B786-084E959348FD}
		{F07FF8F4-3FD4-4CA7-9D3F-492476933CDF} = {AE58EFCF-C756-48A7-B786-084E959348FD}
		{786FD43A-A9EC-4B1D-BAA8-0615CE7C0C2C} = {AE58EFCF-C756-48A7-B786-084E959348FD}
		{8CD5ADF6-5FAF-4550-B3AD-821C01A6C357} = {AE58EFCF-C756-48A7-B786-084E959348FD}
		{A71B3560-675C-4FB3-AD79-F574158F7E74} = {AE58EFCF-C756-48A7-B786-084E959348FD}
		{A9D57C8E-F485-43B4-87B4-6BA5B9895A68} = {AE58EFCF-C756-48A7-B786-084E959348FD}
		{BBB1D299-8134-454A-9FD3-173A5E563DC8} = {AE58EFCF-C756-48A7-B786-084E959348FD}
		{452BF2C3-8B25-437E-99CA-F7D0608BCDC9} = {AE58EFCF-C756-48A7-B786-084E959348FD}
		{B89ADD75-228B-4CF3-A83D-D1520DCB2681} = {AE58EFCF-C756-48A7-B786-084E959348FD}
		{C527EB7D-1FDB-4AB0-B5B6-E6A799A08E7E} = {AE58EFCF-C756-48A7-B786-084E959348FD}
		{C225CA4C-CD82-4FBC-8281-D3E4F7C8DC97} = {AE58EFCF-C756-48A7-B786-084E959348FD}
		{F4C4BFE7-1912-4E9D-9DA7-4909645CBBAB} = {AE58EFCF-C756-48A7-B786-084E959348FD}
		{546CCB27-AAE4-41A5-8E2A-5B8A64DBD776} = {AE58EFCF-C756-48A7-B786-084E959348FD}
		{A4390C36-98F7-48A1-A0FE-42DE0978B5F0} = {CD9EE933-0EBD-4A8A-9EEF-8367D5AF5CFC}
		{15C415BA-EF69-4562-B225-ECD2F2413C89} = {A4390C36-98F7-48A1-A0FE-42DE0978B5F0}
		{026BAEBA-50A1-4481-A704-BC084CD7FEE2} = {A4390C36-98F7-48A1-A0FE-42DE0978B5F0}
		{B60382E9-399D-40F8-B622-78C9F8374568} = {A4390C36-98F7-48A1-A0FE-42DE0978B5F0}
		{2754B8B2-335A-4D84-863A-EAAF4FA48B9B} = {CD9EE933-0EBD-4A8A-9EEF-8367D5AF5CFC}
		{C9355061-BC78-42EC-81A1-0896B7D5F120} = {2754B8B2-335A-4D84-863A-EAAF4FA48B9B}
		{7AF37621-67B6-45CF-B5B0-0A254AD4F3BD} = {CD9EE933-0EBD-4A8A-9EEF-8367D5AF5CFC}
		{0AC0C721-E8F5-45FF-85EE-CC378C3C665F} = {7AF37621-67B6-45CF-B5B0-0A254AD4F3BD}
	EndGlobalSection
EndGlobal
